
Microsoft Visual Studio Solution File, Format Version 11.00
# Visual Studio 2010
Project("{8BC9CEB8-8B4A-11D0-8D11-00A0C91BC942}") = "3ds-shell", "3ds-shell.vcxproj", "{3337B753-B2A1-444D-A961-923B0514877D}"
EndProject
Global
	GlobalSection(SolutionConfigurationPlatforms) = preSolution
		Debug|Win32 = Debug|Win32
		Debug|x64 = Debug|x64
		Release|Win32 = Release|Win32
		Release|x64 = Release|x64
	EndGlobalSection
	GlobalSection(ProjectConfigurationPlatforms) = postSolution
		{3337B753-B2A1-444D-A961-923B0514877D}.Debug|Win32.ActiveCfg = Debug|Win32
		{3337B753-B2A1-444D-A961-923B0514877D}.Debug|Win32.Build.0 = Debug|Win32
		{3337B753-B2A1-444D-A961-923B0514877D}.Debug|x64.ActiveCfg = Debug|x64
		{3337B753-B2A1-444D-A961-923B0514877D}.Debug|x64.Build.0 = Debug|x64
		{3337B753-B2A1-444D-A961-923B0514877D}.Release|Win32.ActiveCfg = Release|Win32
		{3337B753-B2A1-444D-A961-923B0514877D}.Release|Win32.Build.0 = Release|Win32
		{3337B753-B2A1-444D-A961-923B0514877D}.Release|x64.ActiveCfg = Release|x64
		{3337B753-B2A1-444D-A961-923B0514877D}.Release|x64.Build.0 = Release|x64
	EndGlobalSection
	GlobalSection(SolutionProperties) = preSolution
		HideSolutionNode = FALSE
	EndGlobalSection
EndGlobal
